
Microsoft Visual Studio Solution File, Format Version 12.00
# Visual Studio 15
VisualStudioVersion = 15.0.26730.12
MinimumVisualStudioVersion = 10.0.40219.1
Project("{FAE04EC0-301F-11D3-BF4B-00C04F79EFBC}") = "JungleBus", "JungleBus\JungleBus.csproj", "{22D96BE2-FD5E-4CEC-A39C-CC9871FE2123}"
EndProject
Project("{FAE04EC0-301F-11D3-BF4B-00C04F79EFBC}") = "ConsoleTestApp", "ConsoleTestApp\ConsoleTestApp.csproj", "{7D19A449-E4FF-4F8F-9D30-185C479B6FD3}"
EndProject
Project("{FAE04EC0-301F-11D3-BF4B-00C04F79EFBC}") = "Messages", "Messages\Messages.csproj", "{2A5AE9A5-3A8E-4C28-95EB-BCD6B71C2BF3}"
EndProject
Project("{FAE04EC0-301F-11D3-BF4B-00C04F79EFBC}") = "JungleBus.Tests", "JungleBus.Tests\JungleBus.Tests.csproj", "{C3C8081B-64EE-453D-8543-A69CE022D66A}"
EndProject
Project("{FAE04EC0-301F-11D3-BF4B-00C04F79EFBC}") = "Interfaces", "Interfaces\Interfaces.csproj", "{09CF3161-D0C9-4390-B66B-B6BF5AD17514}"
EndProject
Project("{2150E333-8FDC-42A3-9474-1A3956D46DE8}") = "NuSpecs", "NuSpecs", "{C7F54577-1A7B-4977-AD59-D8D33392BB36}"
	ProjectSection(SolutionItems) = preProject
		JungleBus.Interfaces.nuspec = Interfaces\JungleBus.Interfaces.nuspec
		JungleBus.nuspec = JungleBus\JungleBus.nuspec
		JungleBus.StructureMap.nuspec = JungleBus.StructureMap\JungleBus.StructureMap.nuspec
		JungleBus.Testing.nuspec = JungleBus.Testing\JungleBus.Testing.nuspec
	EndProjectSection
EndProject
Project("{FAE04EC0-301F-11D3-BF4B-00C04F79EFBC}") = "JungleBus.Testing", "JungleBus.Testing\JungleBus.Testing.csproj", "{59394202-6E4E-44A9-8213-0B7970F14860}"
EndProject
Global
	GlobalSection(SolutionConfigurationPlatforms) = preSolution
		Debug|Any CPU = Debug|Any CPU
		Release|Any CPU = Release|Any CPU
	EndGlobalSection
	GlobalSection(ProjectConfigurationPlatforms) = postSolution
		{22D96BE2-FD5E-4CEC-A39C-CC9871FE2123}.Debug|Any CPU.ActiveCfg = Debug|Any CPU
		{22D96BE2-FD5E-4CEC-A39C-CC9871FE2123}.Debug|Any CPU.Build.0 = Debug|Any CPU
		{22D96BE2-FD5E-4CEC-A39C-CC9871FE2123}.Release|Any CPU.ActiveCfg = Release|Any CPU
		{22D96BE2-FD5E-4CEC-A39C-CC9871FE2123}.Release|Any CPU.Build.0 = Release|Any CPU
		{7D19A449-E4FF-4F8F-9D30-185C479B6FD3}.Debug|Any CPU.ActiveCfg = Debug|Any CPU
		{7D19A449-E4FF-4F8F-9D30-185C479B6FD3}.Debug|Any CPU.Build.0 = Debug|Any CPU
		{7D19A449-E4FF-4F8F-9D30-185C479B6FD3}.Release|Any CPU.ActiveCfg = Release|Any CPU
		{7D19A449-E4FF-4F8F-9D30-185C479B6FD3}.Release|Any CPU.Build.0 = Release|Any CPU
		{2A5AE9A5-3A8E-4C28-95EB-BCD6B71C2BF3}.Debug|Any CPU.ActiveCfg = Debug|Any CPU
		{2A5AE9A5-3A8E-4C28-95EB-BCD6B71C2BF3}.Debug|Any CPU.Build.0 = Debug|Any CPU
		{2A5AE9A5-3A8E-4C28-95EB-BCD6B71C2BF3}.Release|Any CPU.ActiveCfg = Release|Any CPU
		{2A5AE9A5-3A8E-4C28-95EB-BCD6B71C2BF3}.Release|Any CPU.Build.0 = Release|Any CPU
		{C3C8081B-64EE-453D-8543-A69CE022D66A}.Debug|Any CPU.ActiveCfg = Debug|Any CPU
		{C3C8081B-64EE-453D-8543-A69CE022D66A}.Debug|Any CPU.Build.0 = Debug|Any CPU
		{C3C8081B-64EE-453D-8543-A69CE022D66A}.Release|Any CPU.ActiveCfg = Release|Any CPU
		{C3C8081B-64EE-453D-8543-A69CE022D66A}.Release|Any CPU.Build.0 = Release|Any CPU
		{09CF3161-D0C9-4390-B66B-B6BF5AD17514}.Debug|Any CPU.ActiveCfg = Debug|Any CPU
		{09CF3161-D0C9-4390-B66B-B6BF5AD17514}.Debug|Any CPU.Build.0 = Debug|Any CPU
		{09CF3161-D0C9-4390-B66B-B6BF5AD17514}.Release|Any CPU.ActiveCfg = Release|Any CPU
		{09CF3161-D0C9-4390-B66B-B6BF5AD17514}.Release|Any CPU.Build.0 = Release|Any CPU
		{59394202-6E4E-44A9-8213-0B7970F14860}.Debug|Any CPU.ActiveCfg = Debug|Any CPU
		{59394202-6E4E-44A9-8213-0B7970F14860}.Debug|Any CPU.Build.0 = Debug|Any CPU
		{59394202-6E4E-44A9-8213-0B7970F14860}.Release|Any CPU.ActiveCfg = Release|Any CPU
		{59394202-6E4E-44A9-8213-0B7970F14860}.Release|Any CPU.Build.0 = Release|Any CPU
	EndGlobalSection
	GlobalSection(SolutionProperties) = preSolution
		HideSolutionNode = FALSE
	EndGlobalSection
	GlobalSection(ExtensibilityGlobals) = postSolution
		SolutionGuid = {DB95DBC1-3663-41BC-94F6-9E4E327AC37F}
	EndGlobalSection
EndGlobal
